
Microsoft Visual Studio Solution File, Format Version 12.00
# Visual Studio 2013
VisualStudioVersion = 12.0.21005.1
MinimumVisualStudioVersion = 10.0.40219.1
Project("{FAE04EC0-301F-11D3-BF4B-00C04F79EFBC}") = "CSWeb", "CSWeb\CSWeb.csproj", "{EEFFE2AD-487A-48BF-95FA-086225F5C5E6}"
EndProject
Project("{FAE04EC0-301F-11D3-BF4B-00C04F79EFBC}") = "CSWebBase", "CSWebBase\CSWebBase.csproj", "{FC9BD37F-A2CF-4EF0-880E-851BEB6F0B83}"
EndProject
Project("{FAE04EC0-301F-11D3-BF4B-00C04F79EFBC}") = "CSBusiness", "CSBusiness\CSBusiness.csproj", "{1292FF3A-205E-4496-8DAF-0B3574CA538C}"
EndProject
Project("{FAE04EC0-301F-11D3-BF4B-00C04F79EFBC}") = "CSCore", "CSCore\CSCore.csproj", "{3BDF14DD-763F-4CB7-8C13-0AAD3C4932F1}"
EndProject
Project("{FAE04EC0-301F-11D3-BF4B-00C04F79EFBC}") = "CSData", "CSData\CSData.csproj", "{3FAE442C-8F7C-4381-8469-1427877FC43A}"
EndProject
Project("{FAE04EC0-301F-11D3-BF4B-00C04F79EFBC}") = "CSPaymentProvider", "CSProvider\CSPaymentProvider.csproj", "{EB784882-6300-413C-B933-A6222C37FFD3}"
EndProject
Global
	GlobalSection(TeamFoundationVersionControl) = preSolution
		SccNumberOfProjects = 7
		SccEnterpriseProvider = {4CA58AB2-18FA-4F8D-95D4-32DDF27D184C}
		SccTeamFoundationServer = http://cs-srcctrl1:8080/tfs/csapps
		SccLocalPath0 = .
		SccProjectUniqueName1 = CSWeb\\CSWeb.csproj
		SccProjectName1 = CSWeb
		SccLocalPath1 = CSWeb
		SccProjectUniqueName2 = CSWebBase\\CSWebBase.csproj
		SccProjectName2 = CSWebBase
		SccLocalPath2 = CSWebBase
		SccProjectUniqueName3 = CSBusiness\\CSBusiness.csproj
		SccProjectName3 = CSBusiness
		SccLocalPath3 = CSBusiness
		SccProjectUniqueName4 = CSCore\\CSCore.csproj
		SccProjectName4 = CSCore
		SccLocalPath4 = CSCore
		SccProjectUniqueName5 = CSData\\CSData.csproj
		SccProjectName5 = CSData
		SccLocalPath5 = CSData
		SccProjectUniqueName6 = CSProvider\\CSPaymentProvider.csproj
		SccProjectName6 = CSProvider
		SccLocalPath6 = CSProvider
	EndGlobalSection
	GlobalSection(SolutionConfigurationPlatforms) = preSolution
		Debug|Any CPU = Debug|Any CPU
		Debug|Mixed Platforms = Debug|Mixed Platforms
		Debug|x86 = Debug|x86
		Deploy-Dev|Any CPU = Deploy-Dev|Any CPU
		Deploy-Dev|Mixed Platforms = Deploy-Dev|Mixed Platforms
		Deploy-Dev|x86 = Deploy-Dev|x86
		Release|Any CPU = Release|Any CPU
		Release|Mixed Platforms = Release|Mixed Platforms
		Release|x86 = Release|x86
	EndGlobalSection
	GlobalSection(ProjectConfigurationPlatforms) = postSolution
		{EEFFE2AD-487A-48BF-95FA-086225F5C5E6}.Debug|Any CPU.ActiveCfg = Debug|Any CPU
		{EEFFE2AD-487A-48BF-95FA-086225F5C5E6}.Debug|Any CPU.Build.0 = Debug|Any CPU
		{EEFFE2AD-487A-48BF-95FA-086225F5C5E6}.Debug|Mixed Platforms.ActiveCfg = Debug|Any CPU
		{EEFFE2AD-487A-48BF-95FA-086225F5C5E6}.Debug|Mixed Platforms.Build.0 = Debug|Any CPU
		{EEFFE2AD-487A-48BF-95FA-086225F5C5E6}.Debug|x86.ActiveCfg = Debug|Any CPU
		{EEFFE2AD-487A-48BF-95FA-086225F5C5E6}.Deploy-Dev|Any CPU.ActiveCfg = Deploy-Dev|Any CPU
		{EEFFE2AD-487A-48BF-95FA-086225F5C5E6}.Deploy-Dev|Any CPU.Build.0 = Deploy-Dev|Any CPU
		{EEFFE2AD-487A-48BF-95FA-086225F5C5E6}.Deploy-Dev|Mixed Platforms.ActiveCfg = Deploy-Dev|Any CPU
		{EEFFE2AD-487A-48BF-95FA-086225F5C5E6}.Deploy-Dev|Mixed Platforms.Build.0 = Deploy-Dev|Any CPU
		{EEFFE2AD-487A-48BF-95FA-086225F5C5E6}.Deploy-Dev|x86.ActiveCfg = Deploy-Dev|Any CPU
		{EEFFE2AD-487A-48BF-95FA-086225F5C5E6}.Release|Any CPU.ActiveCfg = Release|Any CPU
		{EEFFE2AD-487A-48BF-95FA-086225F5C5E6}.Release|Any CPU.Build.0 = Release|Any CPU
		{EEFFE2AD-487A-48BF-95FA-086225F5C5E6}.Release|Mixed Platforms.ActiveCfg = Release|Any CPU
		{EEFFE2AD-487A-48BF-95FA-086225F5C5E6}.Release|Mixed Platforms.Build.0 = Release|Any CPU
		{EEFFE2AD-487A-48BF-95FA-086225F5C5E6}.Release|x86.ActiveCfg = Release|Any CPU
		{FC9BD37F-A2CF-4EF0-880E-851BEB6F0B83}.Debug|Any CPU.ActiveCfg = Debug|Any CPU
		{FC9BD37F-A2CF-4EF0-880E-851BEB6F0B83}.Debug|Any CPU.Build.0 = Debug|Any CPU
		{FC9BD37F-A2CF-4EF0-880E-851BEB6F0B83}.Debug|Mixed Platforms.ActiveCfg = Debug|Any CPU
		{FC9BD37F-A2CF-4EF0-880E-851BEB6F0B83}.Debug|Mixed Platforms.Build.0 = Debug|Any CPU
		{FC9BD37F-A2CF-4EF0-880E-851BEB6F0B83}.Debug|x86.ActiveCfg = Debug|Any CPU
		{FC9BD37F-A2CF-4EF0-880E-851BEB6F0B83}.Deploy-Dev|Any CPU.ActiveCfg = Debug|Any CPU
		{FC9BD37F-A2CF-4EF0-880E-851BEB6F0B83}.Deploy-Dev|Any CPU.Build.0 = Debug|Any CPU
		{FC9BD37F-A2CF-4EF0-880E-851BEB6F0B83}.Deploy-Dev|Mixed Platforms.ActiveCfg = Debug|Any CPU
		{FC9BD37F-A2CF-4EF0-880E-851BEB6F0B83}.Deploy-Dev|Mixed Platforms.Build.0 = Debug|Any CPU
		{FC9BD37F-A2CF-4EF0-880E-851BEB6F0B83}.Deploy-Dev|x86.ActiveCfg = Debug|Any CPU
		{FC9BD37F-A2CF-4EF0-880E-851BEB6F0B83}.Release|Any CPU.ActiveCfg = Release|Any CPU
		{FC9BD37F-A2CF-4EF0-880E-851BEB6F0B83}.Release|Any CPU.Build.0 = Release|Any CPU
		{FC9BD37F-A2CF-4EF0-880E-851BEB6F0B83}.Release|Mixed Platforms.ActiveCfg = Release|Any CPU
		{FC9BD37F-A2CF-4EF0-880E-851BEB6F0B83}.Release|Mixed Platforms.Build.0 = Release|Any CPU
		{FC9BD37F-A2CF-4EF0-880E-851BEB6F0B83}.Release|x86.ActiveCfg = Release|Any CPU
		{1292FF3A-205E-4496-8DAF-0B3574CA538C}.Debug|Any CPU.ActiveCfg = Debug|Any CPU
		{1292FF3A-205E-4496-8DAF-0B3574CA538C}.Debug|Any CPU.Build.0 = Debug|Any CPU
		{1292FF3A-205E-4496-8DAF-0B3574CA538C}.Debug|Mixed Platforms.ActiveCfg = Debug|Any CPU
		{1292FF3A-205E-4496-8DAF-0B3574CA538C}.Debug|Mixed Platforms.Build.0 = Debug|Any CPU
		{1292FF3A-205E-4496-8DAF-0B3574CA538C}.Debug|x86.ActiveCfg = Debug|Any CPU
		{1292FF3A-205E-4496-8DAF-0B3574CA538C}.Deploy-Dev|Any CPU.ActiveCfg = Deploy-Dev|Any CPU
		{1292FF3A-205E-4496-8DAF-0B3574CA538C}.Deploy-Dev|Any CPU.Build.0 = Deploy-Dev|Any CPU
		{1292FF3A-205E-4496-8DAF-0B3574CA538C}.Deploy-Dev|Mixed Platforms.ActiveCfg = Deploy-Dev|Any CPU
		{1292FF3A-205E-4496-8DAF-0B3574CA538C}.Deploy-Dev|Mixed Platforms.Build.0 = Deploy-Dev|Any CPU
		{1292FF3A-205E-4496-8DAF-0B3574CA538C}.Deploy-Dev|x86.ActiveCfg = Deploy-Dev|Any CPU
		{1292FF3A-205E-4496-8DAF-0B3574CA538C}.Release|Any CPU.ActiveCfg = Release|Any CPU
		{1292FF3A-205E-4496-8DAF-0B3574CA538C}.Release|Any CPU.Build.0 = Release|Any CPU
		{1292FF3A-205E-4496-8DAF-0B3574CA538C}.Release|Mixed Platforms.ActiveCfg = Release|Any CPU
		{1292FF3A-205E-4496-8DAF-0B3574CA538C}.Release|Mixed Platforms.Build.0 = Release|Any CPU
		{1292FF3A-205E-4496-8DAF-0B3574CA538C}.Release|x86.ActiveCfg = Release|Any CPU
		{3BDF14DD-763F-4CB7-8C13-0AAD3C4932F1}.Debug|Any CPU.ActiveCfg = Debug|Any CPU
		{3BDF14DD-763F-4CB7-8C13-0AAD3C4932F1}.Debug|Any CPU.Build.0 = Debug|Any CPU
		{3BDF14DD-763F-4CB7-8C13-0AAD3C4932F1}.Debug|Mixed Platforms.ActiveCfg = Debug|Any CPU
		{3BDF14DD-763F-4CB7-8C13-0AAD3C4932F1}.Debug|Mixed Platforms.Build.0 = Debug|Any CPU
		{3BDF14DD-763F-4CB7-8C13-0AAD3C4932F1}.Debug|x86.ActiveCfg = Debug|Any CPU
		{3BDF14DD-763F-4CB7-8C13-0AAD3C4932F1}.Deploy-Dev|Any CPU.ActiveCfg = Deploy-Dev|Any CPU
		{3BDF14DD-763F-4CB7-8C13-0AAD3C4932F1}.Deploy-Dev|Any CPU.Build.0 = Deploy-Dev|Any CPU
		{3BDF14DD-763F-4CB7-8C13-0AAD3C4932F1}.Deploy-Dev|Mixed Platforms.ActiveCfg = Deploy-Dev|Any CPU
		{3BDF14DD-763F-4CB7-8C13-0AAD3C4932F1}.Deploy-Dev|Mixed Platforms.Build.0 = Deploy-Dev|Any CPU
		{3BDF14DD-763F-4CB7-8C13-0AAD3C4932F1}.Deploy-Dev|x86.ActiveCfg = Deploy-Dev|Any CPU
		{3BDF14DD-763F-4CB7-8C13-0AAD3C4932F1}.Release|Any CPU.ActiveCfg = Release|Any CPU
		{3BDF14DD-763F-4CB7-8C13-0AAD3C4932F1}.Release|Any CPU.Build.0 = Release|Any CPU
		{3BDF14DD-763F-4CB7-8C13-0AAD3C4932F1}.Release|Mixed Platforms.ActiveCfg = Release|Any CPU
		{3BDF14DD-763F-4CB7-8C13-0AAD3C4932F1}.Release|Mixed Platforms.Build.0 = Release|Any CPU
		{3BDF14DD-763F-4CB7-8C13-0AAD3C4932F1}.Release|x86.ActiveCfg = Release|Any CPU
		{3FAE442C-8F7C-4381-8469-1427877FC43A}.Debug|Any CPU.ActiveCfg = Debug|Any CPU
		{3FAE442C-8F7C-4381-8469-1427877FC43A}.Debug|Any CPU.Build.0 = Debug|Any CPU
		{3FAE442C-8F7C-4381-8469-1427877FC43A}.Debug|Mixed Platforms.ActiveCfg = Debug|Any CPU
		{3FAE442C-8F7C-4381-8469-1427877FC43A}.Debug|Mixed Platforms.Build.0 = Debug|Any CPU
		{3FAE442C-8F7C-4381-8469-1427877FC43A}.Debug|x86.ActiveCfg = Debug|Any CPU
		{3FAE442C-8F7C-4381-8469-1427877FC43A}.Deploy-Dev|Any CPU.ActiveCfg = Deploy-Dev|Any CPU
		{3FAE442C-8F7C-4381-8469-1427877FC43A}.Deploy-Dev|Any CPU.Build.0 = Deploy-Dev|Any CPU
		{3FAE442C-8F7C-4381-8469-1427877FC43A}.Deploy-Dev|Mixed Platforms.ActiveCfg = Deploy-Dev|Any CPU
		{3FAE442C-8F7C-4381-8469-1427877FC43A}.Deploy-Dev|Mixed Platforms.Build.0 = Deploy-Dev|Any CPU
		{3FAE442C-8F7C-4381-8469-1427877FC43A}.Deploy-Dev|x86.ActiveCfg = Deploy-Dev|Any CPU
		{3FAE442C-8F7C-4381-8469-1427877FC43A}.Release|Any CPU.ActiveCfg = Release|Any CPU
		{3FAE442C-8F7C-4381-8469-1427877FC43A}.Release|Any CPU.Build.0 = Release|Any CPU
		{3FAE442C-8F7C-4381-8469-1427877FC43A}.Release|Mixed Platforms.ActiveCfg = Release|Any CPU
		{3FAE442C-8F7C-4381-8469-1427877FC43A}.Release|Mixed Platforms.Build.0 = Release|Any CPU
		{3FAE442C-8F7C-4381-8469-1427877FC43A}.Release|x86.ActiveCfg = Release|Any CPU
		{EB784882-6300-413C-B933-A6222C37FFD3}.Debug|Any CPU.ActiveCfg = Debug|Any CPU
		{EB784882-6300-413C-B933-A6222C37FFD3}.Debug|Any CPU.Build.0 = Debug|Any CPU
		{EB784882-6300-413C-B933-A6222C37FFD3}.Debug|Mixed Platforms.ActiveCfg = Debug|Any CPU
		{EB784882-6300-413C-B933-A6222C37FFD3}.Debug|Mixed Platforms.Build.0 = Debug|Any CPU
		{EB784882-6300-413C-B933-A6222C37FFD3}.Debug|x86.ActiveCfg = Debug|Any CPU
		{EB784882-6300-413C-B933-A6222C37FFD3}.Deploy-Dev|Any CPU.ActiveCfg = Deploy-Dev|Any CPU
		{EB784882-6300-413C-B933-A6222C37FFD3}.Deploy-Dev|Any CPU.Build.0 = Deploy-Dev|Any CPU
		{EB784882-6300-413C-B933-A6222C37FFD3}.Deploy-Dev|Mixed Platforms.ActiveCfg = Deploy-Dev|Any CPU
		{EB784882-6300-413C-B933-A6222C37FFD3}.Deploy-Dev|Mixed Platforms.Build.0 = Deploy-Dev|Any CPU
		{EB784882-6300-413C-B933-A6222C37FFD3}.Deploy-Dev|x86.ActiveCfg = Deploy-Dev|Any CPU
		{EB784882-6300-413C-B933-A6222C37FFD3}.Release|Any CPU.ActiveCfg = Release|Any CPU
		{EB784882-6300-413C-B933-A6222C37FFD3}.Release|Any CPU.Build.0 = Release|Any CPU
		{EB784882-6300-413C-B933-A6222C37FFD3}.Release|Mixed Platforms.ActiveCfg = Release|Any CPU
		{EB784882-6300-413C-B933-A6222C37FFD3}.Release|Mixed Platforms.Build.0 = Release|Any CPU
		{EB784882-6300-413C-B933-A6222C37FFD3}.Release|x86.ActiveCfg = Release|Any CPU
	EndGlobalSection
	GlobalSection(SolutionProperties) = preSolution
		HideSolutionNode = FALSE
	EndGlobalSection
EndGlobal
